// !$*UTF8*$!
{
	archiveVersion = 1;
	classes = {
	};
	objectVersion = 46;
	objects = {

/* Begin PBXBuildFile section */
		00F73F8584283416A0F232C1 /* include_juce_graphics_Harfbuzz.cpp */ = {isa = PBXBuildFile; fileRef = F4BBC37C879DC65C1FC0353D; };
		0329F1C8CF18BBAE9928A40B /* include_juce_audio_processors.mm */ = {isa = PBXBuildFile; fileRef = 00B60E8C6E045EEC9711B864; };
		06322E8879B8B0960350942E /* include_juce_gui_basics.mm */ = {isa = PBXBuildFile; fileRef = 278D05AA043FFB90BCA3BFC8; };
		134238E228DA01C37F478A9E /* include_juce_audio_devices.mm */ = {isa = PBXBuildFile; fileRef = 1CD0020C7C7E5F719064B55C; };
		1649D79D817E2AD991AECBF8 /* CoreMIDI.framework */ = {isa = PBXBuildFile; fileRef = 7B9D21545582367CC29E721B; };
		1757D489C322EC61AE66604A /* include_juce_core.mm */ = {isa = PBXBuildFile; fileRef = FE14544A3D24EB9B9C8AD2CD; };
		2D8F8695FE8988266764F672 /* include_juce_audio_utils.mm */ = {isa = PBXBuildFile; fileRef = 2A1F6700C3CF64ADC8E6A866; };
		2DCAB7D01A41C1DC6AFECFB9 /* Main.cpp */ = {isa = PBXBuildFile; fileRef = C6A8C63EA3B75F19A7584DF9; };
		3C7D0FBEF7A81DEAFCADF9EB /* AudioToolbox.framework */ = {isa = PBXBuildFile; fileRef = 31349E53E3061BC8CD8CA4BF; };
		5E7F284585C30DBEBAB55685 /* Security.framework */ = {isa = PBXBuildFile; fileRef = 772E92C2834D8FAA9AAAEC51; };
		5EA865C7C57FF0565E3CA4D9 /* RecentFilesMenuTemplate.nib */ = {isa = PBXBuildFile; fileRef = E34F725BA8737BD2891543F4; };
		657362F05995364A5743F224 /* CoreAudioKit.framework */ = {isa = PBXBuildFile; fileRef = E2D94AEB4B57FEDFCD62F3F5; };
		69C98F403BBC9EB83F4A896B /* include_juce_data_structures.mm */ = {isa = PBXBuildFile; fileRef = B7DD502233E641C5EFDF2982; };
		6C7470DC3A2256DAAB69D400 /* MetalKit.framework */ = {isa = PBXBuildFile; fileRef = 4985723A6C30BE8887FE350B; settings = { ATTRIBUTES = (Weak, ); }; };
		6FE1F7D9D68DB7CF29F26257 /* Foundation.framework */ = {isa = PBXBuildFile; fileRef = 27B902D48FB49FE695944754; };
		70557FD86C2682F98C390A8C /* include_juce_graphics_Sheenbidi.c */ = {isa = PBXBuildFile; fileRef = E1C52584FC3EB796B72E364F; };
		74CA162F73ABB4468208956B /* CoreAudio.framework */ = {isa = PBXBuildFile; fileRef = 71CDD84D955804B5C6F44688; };
		7E544A42096006F87E6823FC /* include_juce_core_CompilationTime.cpp */ = {isa = PBXBuildFile; fileRef = 87C6B82BA54CE33776F64E07; };
		89B3A9C847BA82BE64C207F6 /* Accelerate.framework */ = {isa = PBXBuildFile; fileRef = AB36AAE3B81199B415EC7E40; };
		8A7E9F891F91933E6D3CBA2B /* IOKit.framework */ = {isa = PBXBuildFile; fileRef = 32B71B4C6F4504B6F94D3BA1; };
		989484F300757A2AF485D622 /* App */ = {isa = PBXBuildFile; fileRef = 4D513CF1A9208E4713826A3B; };
		A6545A520AD6F80E0AA55F8F /* include_juce_graphics.mm */ = {isa = PBXBuildFile; fileRef = 90B34095B5344BCEEBE923AB; };
		AF0B40F98F5DA77AA9F978AF /* Cocoa.framework */ = {isa = PBXBuildFile; fileRef = 8EE84EC4A2AFD7C954DDBE4B; };
		B2EA5B1472F3DDC88491DF69 /* include_juce_events.mm */ = {isa = PBXBuildFile; fileRef = 723DC3E82661FC0247F69AD0; };
		B5622E61F4BB42AED5612333 /* include_juce_audio_basics.mm */ = {isa = PBXBuildFile; fileRef = 93D940B8ECEB1FB7594CF831; };
		D17A8CB0D4D17CAC40C73AFB /* Metal.framework */ = {isa = PBXBuildFile; fileRef = 541608C984865871134227FE; settings = { ATTRIBUTES = (Weak, ); }; };
		E2291E5AB3F312D8D6455BC8 /* include_juce_audio_processors_ara.cpp */ = {isa = PBXBuildFile; fileRef = DA0C117A924EA290030FDF1D; };
		E2413B542539CBECF2B2581E /* DiscRecording.framework */ = {isa = PBXBuildFile; fileRef = 90A985C20ED578EABE14A4E1; };
		E8685D58580540D0D3CA55F8 /* include_juce_audio_formats.mm */ = {isa = PBXBuildFile; fileRef = B31DA43DEA08CF596C459369; };
		E937B53555190DFE95FF77D0 /* WebKit.framework */ = {isa = PBXBuildFile; fileRef = E19A4C4C6FF5470E9F181C4B; };
		EAA68F673C7B359BD19A833A /* MainComponent.cpp */ = {isa = PBXBuildFile; fileRef = 66E21B2680B1232660EDF37F; };
		EFA60F8C7174D7C8298A3DA9 /* include_juce_audio_processors_lv2_libs.cpp */ = {isa = PBXBuildFile; fileRef = D11642B5B9017639068DB2AA; };
		F04DFF5BBD3945FD1B5AF852 /* include_juce_gui_extra.mm */ = {isa = PBXBuildFile; fileRef = 0A38338DDC602480AD4384CF; };
		FC20E48E71C5A058FF62A3D5 /* QuartzCore.framework */ = {isa = PBXBuildFile; fileRef = 9156180E6E25CA1EB9FBA296; };
/* End PBXBuildFile section */

/* Begin PBXFileReference section */
		00B60E8C6E045EEC9711B864 /* include_juce_audio_processors.mm */ /* include_juce_audio_processors.mm */ = {isa = PBXFileReference; lastKnownFileType = sourcecode.cpp.objcpp; name = include_juce_audio_processors.mm; path = ../../JuceLibraryCode/include_juce_audio_processors.mm; sourceTree = SOURCE_ROOT; };
		0451D90E017A22196DBA069E /* juce_audio_utils */ /* juce_audio_utils */ = {isa = PBXFileReference; lastKnownFileType = folder; name = juce_audio_utils; path = /Applications/JUCE/modules/juce_audio_utils; sourceTree = "<absolute>"; };
		0A38338DDC602480AD4384CF /* include_juce_gui_extra.mm */ /* include_juce_gui_extra.mm */ = {isa = PBXFileReference; lastKnownFileType = sourcecode.cpp.objcpp; name = include_juce_gui_extra.mm; path = ../../JuceLibraryCode/include_juce_gui_extra.mm; sourceTree = SOURCE_ROOT; };
		1CD0020C7C7E5F719064B55C /* include_juce_audio_devices.mm */ /* include_juce_audio_devices.mm */ = {isa = PBXFileReference; lastKnownFileType = sourcecode.cpp.objcpp; name = include_juce_audio_devices.mm; path = ../../JuceLibraryCode/include_juce_audio_devices.mm; sourceTree = SOURCE_ROOT; };
		22CACEF6F60D9C5892636393 /* juce_core */ /* juce_core */ = {isa = PBXFileReference; lastKnownFileType = folder; name = juce_core; path = /Applications/JUCE/modules/juce_core; sourceTree = "<absolute>"; };
		24814C017A5A9ADDC649139D /* juce_audio_basics */ /* juce_audio_basics */ = {isa = PBXFileReference; lastKnownFileType = folder; name = juce_audio_basics; path = /Applications/JUCE/modules/juce_audio_basics; sourceTree = "<absolute>"; };
		276DE15C8DC22CD57BC3E8FC /* juce_events */ /* juce_events */ = {isa = PBXFileReference; lastKnownFileType = folder; name = juce_events; path = /Applications/JUCE/modules/juce_events; sourceTree = "<absolute>"; };
		278D05AA043FFB90BCA3BFC8 /* include_juce_gui_basics.mm */ /* include_juce_gui_basics.mm */ = {isa = PBXFileReference; lastKnownFileType = sourcecode.cpp.objcpp; name = include_juce_gui_basics.mm; path = ../../JuceLibraryCode/include_juce_gui_basics.mm; sourceTree = SOURCE_ROOT; };
		27B902D48FB49FE695944754 /* Foundation.framework */ /* Foundation.framework */ = {isa = PBXFileReference; lastKnownFileType = wrapper.framework; name = Foundation.framework; path = System/Library/Frameworks/Foundation.framework; sourceTree = SDKROOT; };
		28DD2F3F046BBEF14E62C027 /* juce_data_structures */ /* juce_data_structures */ = {isa = PBXFileReference; lastKnownFileType = folder; name = juce_data_structures; path = /Applications/JUCE/modules/juce_data_structures; sourceTree = "<absolute>"; };
		2A1F6700C3CF64ADC8E6A866 /* include_juce_audio_utils.mm */ /* include_juce_audio_utils.mm */ = {isa = PBXFileReference; lastKnownFileType = sourcecode.cpp.objcpp; name = include_juce_audio_utils.mm; path = ../../JuceLibraryCode/include_juce_audio_utils.mm; sourceTree = SOURCE_ROOT; };
		31349E53E3061BC8CD8CA4BF /* AudioToolbox.framework */ /* AudioToolbox.framework */ = {isa = PBXFileReference; lastKnownFileType = wrapper.framework; name = AudioToolbox.framework; path = System/Library/Frameworks/AudioToolbox.framework; sourceTree = SDKROOT; };
		32B71B4C6F4504B6F94D3BA1 /* IOKit.framework */ /* IOKit.framework */ = {isa = PBXFileReference; lastKnownFileType = wrapper.framework; name = IOKit.framework; path = System/Library/Frameworks/IOKit.framework; sourceTree = SDKROOT; };
		349C34E6C0DB765EA52FBD25 /* MainComponent.h */ /* MainComponent.h */ = {isa = PBXFileReference; lastKnownFileType = sourcecode.c.h; name = MainComponent.h; path = ../../Source/MainComponent.h; sourceTree = SOURCE_ROOT; };
		4985723A6C30BE8887FE350B /* MetalKit.framework */ /* MetalKit.framework */ = {isa = PBXFileReference; lastKnownFileType = wrapper.framework; name = MetalKit.framework; path = System/Library/Frameworks/MetalKit.framework; sourceTree = SDKROOT; };
		4C8F393CE11C3D6F21A323E4 /* juce_audio_processors */ /* juce_audio_processors */ = {isa = PBXFileReference; lastKnownFileType = folder; name = juce_audio_processors; path = /Applications/JUCE/modules/juce_audio_processors; sourceTree = "<absolute>"; };
		4D513CF1A9208E4713826A3B /* App */ = {isa = PBXFileReference; explicitFileType = wrapper.application; includeInIndex = 0; path = AudioFreezeFrame.app; sourceTree = BUILT_PRODUCTS_DIR; };
		501A6D0CEF7C1B2588BCA84E /* juce_gui_basics */ /* juce_gui_basics */ = {isa = PBXFileReference; lastKnownFileType = folder; name = juce_gui_basics; path = /Applications/JUCE/modules/juce_gui_basics; sourceTree = "<absolute>"; };
		5058DFB6128F03803B03BFED /* juce_gui_extra */ /* juce_gui_extra */ = {isa = PBXFileReference; lastKnownFileType = folder; name = juce_gui_extra; path = /Applications/JUCE/modules/juce_gui_extra; sourceTree = "<absolute>"; };
		541608C984865871134227FE /* Metal.framework */ /* Metal.framework */ = {isa = PBXFileReference; lastKnownFileType = wrapper.framework; name = Metal.framework; path = System/Library/Frameworks/Metal.framework; sourceTree = SDKROOT; };
		66E21B2680B1232660EDF37F /* MainComponent.cpp */ /* MainComponent.cpp */ = {isa = PBXFileReference; lastKnownFileType = sourcecode.cpp.cpp; name = MainComponent.cpp; path = ../../Source/MainComponent.cpp; sourceTree = SOURCE_ROOT; };
		71CDD84D955804B5C6F44688 /* CoreAudio.framework */ /* CoreAudio.framework */ = {isa = PBXFileReference; lastKnownFileType = wrapper.framework; name = CoreAudio.framework; path = System/Library/Frameworks/CoreAudio.framework; sourceTree = SDKROOT; };
		71F07DD1AA2065229C3A3BD8 /* JuceHeader.h */ /* JuceHeader.h */ = {isa = PBXFileReference; lastKnownFileType = sourcecode.c.h; name = JuceHeader.h; path = ../../JuceLibraryCode/JuceHeader.h; sourceTree = SOURCE_ROOT; };
		72272624417EEB21E59767E2 /* juce_audio_devices */ /* juce_audio_devices */ = {isa = PBXFileReference; lastKnownFileType = folder; name = juce_audio_devices; path = /Applications/JUCE/modules/juce_audio_devices; sourceTree = "<absolute>"; };
		723DC3E82661FC0247F69AD0 /* include_juce_events.mm */ /* include_juce_events.mm */ = {isa = PBXFileReference; lastKnownFileType = sourcecode.cpp.objcpp; name = include_juce_events.mm; path = ../../JuceLibraryCode/include_juce_events.mm; sourceTree = SOURCE_ROOT; };
		772E92C2834D8FAA9AAAEC51 /* Security.framework */ /* Security.framework */ = {isa = PBXFileReference; lastKnownFileType = wrapper.framework; name = Security.framework; path = System/Library/Frameworks/Security.framework; sourceTree = SDKROOT; };
		777BD1EC981F90F79F4EDB57 /* juce_audio_formats */ /* juce_audio_formats */ = {isa = PBXFileReference; lastKnownFileType = folder; name = juce_audio_formats; path = /Applications/JUCE/modules/juce_audio_formats; sourceTree = "<absolute>"; };
		7B9D21545582367CC29E721B /* CoreMIDI.framework */ /* CoreMIDI.framework */ = {isa = PBXFileReference; lastKnownFileType = wrapper.framework; name = CoreMIDI.framework; path = System/Library/Frameworks/CoreMIDI.framework; sourceTree = SDKROOT; };
		87C6B82BA54CE33776F64E07 /* include_juce_core_CompilationTime.cpp */ /* include_juce_core_CompilationTime.cpp */ = {isa = PBXFileReference; lastKnownFileType = sourcecode.cpp.cpp; name = include_juce_core_CompilationTime.cpp; path = ../../JuceLibraryCode/include_juce_core_CompilationTime.cpp; sourceTree = SOURCE_ROOT; };
		8EE84EC4A2AFD7C954DDBE4B /* Cocoa.framework */ /* Cocoa.framework */ = {isa = PBXFileReference; lastKnownFileType = wrapper.framework; name = Cocoa.framework; path = System/Library/Frameworks/Cocoa.framework; sourceTree = SDKROOT; };
		90A985C20ED578EABE14A4E1 /* DiscRecording.framework */ /* DiscRecording.framework */ = {isa = PBXFileReference; lastKnownFileType = wrapper.framework; name = DiscRecording.framework; path = System/Library/Frameworks/DiscRecording.framework; sourceTree = SDKROOT; };
		90B34095B5344BCEEBE923AB /* include_juce_graphics.mm */ /* include_juce_graphics.mm */ = {isa = PBXFileReference; lastKnownFileType = sourcecode.cpp.objcpp; name = include_juce_graphics.mm; path = ../../JuceLibraryCode/include_juce_graphics.mm; sourceTree = SOURCE_ROOT; };
		9156180E6E25CA1EB9FBA296 /* QuartzCore.framework */ /* QuartzCore.framework */ = {isa = PBXFileReference; lastKnownFileType = wrapper.framework; name = QuartzCore.framework; path = System/Library/Frameworks/QuartzCore.framework; sourceTree = SDKROOT; };
		93C08B79A630D33130B83CC9 /* juce_graphics */ /* juce_graphics */ = {isa = PBXFileReference; lastKnownFileType = folder; name = juce_graphics; path = /Applications/JUCE/modules/juce_graphics; sourceTree = "<absolute>"; };
		93D940B8ECEB1FB7594CF831 /* include_juce_audio_basics.mm */ /* include_juce_audio_basics.mm */ = {isa = PBXFileReference; lastKnownFileType = sourcecode.cpp.objcpp; name = include_juce_audio_basics.mm; path = ../../JuceLibraryCode/include_juce_audio_basics.mm; sourceTree = SOURCE_ROOT; };
		94321739BCB7DC888484F3BA /* Info-App.plist */ /* Info-App.plist */ = {isa = PBXFileReference; lastKnownFileType = text.plist.xml; name = "Info-App.plist"; path = "Info-App.plist"; sourceTree = SOURCE_ROOT; };
		AB36AAE3B81199B415EC7E40 /* Accelerate.framework */ /* Accelerate.framework */ = {isa = PBXFileReference; lastKnownFileType = wrapper.framework; name = Accelerate.framework; path = System/Library/Frameworks/Accelerate.framework; sourceTree = SDKROOT; };
		B31DA43DEA08CF596C459369 /* include_juce_audio_formats.mm */ /* include_juce_audio_formats.mm */ = {isa = PBXFileReference; lastKnownFileType = sourcecode.cpp.objcpp; name = include_juce_audio_formats.mm; path = ../../JuceLibraryCode/include_juce_audio_formats.mm; sourceTree = SOURCE_ROOT; };
		B7DD502233E641C5EFDF2982 /* include_juce_data_structures.mm */ /* include_juce_data_structures.mm */ = {isa = PBXFileReference; lastKnownFileType = sourcecode.cpp.objcpp; name = include_juce_data_structures.mm; path = ../../JuceLibraryCode/include_juce_data_structures.mm; sourceTree = SOURCE_ROOT; };
		C6A8C63EA3B75F19A7584DF9 /* Main.cpp */ /* Main.cpp */ = {isa = PBXFileReference; lastKnownFileType = sourcecode.cpp.cpp; name = Main.cpp; path = ../../Source/Main.cpp; sourceTree = SOURCE_ROOT; };
		D11642B5B9017639068DB2AA /* include_juce_audio_processors_lv2_libs.cpp */ /* include_juce_audio_processors_lv2_libs.cpp */ = {isa = PBXFileReference; lastKnownFileType = sourcecode.cpp.cpp; name = include_juce_audio_processors_lv2_libs.cpp; path = ../../JuceLibraryCode/include_juce_audio_processors_lv2_libs.cpp; sourceTree = SOURCE_ROOT; };
		DA0C117A924EA290030FDF1D /* include_juce_audio_processors_ara.cpp */ /* include_juce_audio_processors_ara.cpp */ = {isa = PBXFileReference; lastKnownFileType = sourcecode.cpp.cpp; name = include_juce_audio_processors_ara.cpp; path = ../../JuceLibraryCode/include_juce_audio_processors_ara.cpp; sourceTree = SOURCE_ROOT; };
		E19A4C4C6FF5470E9F181C4B /* WebKit.framework */ /* WebKit.framework */ = {isa = PBXFileReference; lastKnownFileType = wrapper.framework; name = WebKit.framework; path = System/Library/Frameworks/WebKit.framework; sourceTree = SDKROOT; };
		E1C52584FC3EB796B72E364F /* include_juce_graphics_Sheenbidi.c */ /* include_juce_graphics_Sheenbidi.c */ = {isa = PBXFileReference; lastKnownFileType = sourcecode.c.c; name = include_juce_graphics_Sheenbidi.c; path = ../../JuceLibraryCode/include_juce_graphics_Sheenbidi.c; sourceTree = SOURCE_ROOT; };
		E2D94AEB4B57FEDFCD62F3F5 /* CoreAudioKit.framework */ /* CoreAudioKit.framework */ = {isa = PBXFileReference; lastKnownFileType = wrapper.framework; name = CoreAudioKit.framework; path = System/Library/Frameworks/CoreAudioKit.framework; sourceTree = SDKROOT; };
		E34F725BA8737BD2891543F4 /* RecentFilesMenuTemplate.nib */ /* RecentFilesMenuTemplate.nib */ = {isa = PBXFileReference; lastKnownFileType = file.nib; name = RecentFilesMenuTemplate.nib; path = RecentFilesMenuTemplate.nib; sourceTree = SOURCE_ROOT; };
		F4BBC37C879DC65C1FC0353D /* include_juce_graphics_Harfbuzz.cpp */ /* include_juce_graphics_Harfbuzz.cpp */ = {isa = PBXFileReference; lastKnownFileType = sourcecode.cpp.cpp; name = include_juce_graphics_Harfbuzz.cpp; path = ../../JuceLibraryCode/include_juce_graphics_Harfbuzz.cpp; sourceTree = SOURCE_ROOT; };
		FE14544A3D24EB9B9C8AD2CD /* include_juce_core.mm */ /* include_juce_core.mm */ = {isa = PBXFileReference; lastKnownFileType = sourcecode.cpp.objcpp; name = include_juce_core.mm; path = ../../JuceLibraryCode/include_juce_core.mm; sourceTree = SOURCE_ROOT; };
/* End PBXFileReference section */

/* Begin PBXFrameworksBuildPhase section */
		1867EFE8E8A9F528AE985FDF = {
			isa = PBXFrameworksBuildPhase;
			buildActionMask = 2147483647;
			files = (
				89B3A9C847BA82BE64C207F6,
				3C7D0FBEF7A81DEAFCADF9EB,
				AF0B40F98F5DA77AA9F978AF,
				74CA162F73ABB4468208956B,
				657362F05995364A5743F224,
				1649D79D817E2AD991AECBF8,
				E2413B542539CBECF2B2581E,
				6FE1F7D9D68DB7CF29F26257,
				8A7E9F891F91933E6D3CBA2B,
				FC20E48E71C5A058FF62A3D5,
				5E7F284585C30DBEBAB55685,
				E937B53555190DFE95FF77D0,
				D17A8CB0D4D17CAC40C73AFB,
				6C7470DC3A2256DAAB69D400,
			);
			runOnlyForDeploymentPostprocessing = 0;
		};
/* End PBXFrameworksBuildPhase section */

/* Begin PBXGroup section */
		0CC6292143665A873E9491AD /* Frameworks */ = {
			isa = PBXGroup;
			children = (
				AB36AAE3B81199B415EC7E40,
				31349E53E3061BC8CD8CA4BF,
				8EE84EC4A2AFD7C954DDBE4B,
				71CDD84D955804B5C6F44688,
				E2D94AEB4B57FEDFCD62F3F5,
				7B9D21545582367CC29E721B,
				90A985C20ED578EABE14A4E1,
				27B902D48FB49FE695944754,
				32B71B4C6F4504B6F94D3BA1,
				9156180E6E25CA1EB9FBA296,
				772E92C2834D8FAA9AAAEC51,
				E19A4C4C6FF5470E9F181C4B,
				541608C984865871134227FE,
				4985723A6C30BE8887FE350B,
			);
			name = Frameworks;
			sourceTree = "<group>";
		};
		17457B24935DAF8045748EE4 /* Resources */ = {
			isa = PBXGroup;
			children = (
				94321739BCB7DC888484F3BA,
				E34F725BA8737BD2891543F4,
			);
			name = Resources;
			sourceTree = "<group>";
		};
		34F14B49925D506FB77ECB38 /* Source */ = {
			isa = PBXGroup;
			children = (
				C6A8C63EA3B75F19A7584DF9,
				349C34E6C0DB765EA52FBD25,
				66E21B2680B1232660EDF37F,
			);
			name = Source;
			sourceTree = "<group>";
		};
		68BDC0AAA13BA97B29C4B911 /* AudioFreezeFrame */ = {
			isa = PBXGroup;
			children = (
				34F14B49925D506FB77ECB38,
			);
			name = AudioFreezeFrame;
			sourceTree = "<group>";
		};
		76367FE7026403533132396F /* JUCE Library Code */ = {
			isa = PBXGroup;
			children = (
				93D940B8ECEB1FB7594CF831,
				1CD0020C7C7E5F719064B55C,
				B31DA43DEA08CF596C459369,
				00B60E8C6E045EEC9711B864,
				DA0C117A924EA290030FDF1D,
				D11642B5B9017639068DB2AA,
				2A1F6700C3CF64ADC8E6A866,
				FE14544A3D24EB9B9C8AD2CD,
				87C6B82BA54CE33776F64E07,
				B7DD502233E641C5EFDF2982,
				723DC3E82661FC0247F69AD0,
				90B34095B5344BCEEBE923AB,
				F4BBC37C879DC65C1FC0353D,
				E1C52584FC3EB796B72E364F,
				278D05AA043FFB90BCA3BFC8,
				0A38338DDC602480AD4384CF,
				71F07DD1AA2065229C3A3BD8,
			);
			name = "JUCE Library Code";
			sourceTree = "<group>";
		};
		9A5FFB9DE5883460E5B2ED07 /* Source */ = {
			isa = PBXGroup;
			children = (
				68BDC0AAA13BA97B29C4B911,
				FB469CF9B37B34483B26E44A,
				76367FE7026403533132396F,
				17457B24935DAF8045748EE4,
				0CC6292143665A873E9491AD,
				A1F28C9587EB79746C82AA43,
			);
			name = Source;
			sourceTree = "<group>";
		};
		A1F28C9587EB79746C82AA43 /* Products */ = {
			isa = PBXGroup;
			children = (
				4D513CF1A9208E4713826A3B,
			);
			name = Products;
			sourceTree = "<group>";
		};
		FB469CF9B37B34483B26E44A /* JUCE Modules */ = {
			isa = PBXGroup;
			children = (
				24814C017A5A9ADDC649139D,
				72272624417EEB21E59767E2,
				777BD1EC981F90F79F4EDB57,
				4C8F393CE11C3D6F21A323E4,
				0451D90E017A22196DBA069E,
				22CACEF6F60D9C5892636393,
				28DD2F3F046BBEF14E62C027,
				276DE15C8DC22CD57BC3E8FC,
				93C08B79A630D33130B83CC9,
				501A6D0CEF7C1B2588BCA84E,
				5058DFB6128F03803B03BFED,
			);
			name = "JUCE Modules";
			sourceTree = "<group>";
		};
/* End PBXGroup section */

/* Begin PBXNativeTarget section */
		F1DDB8377965E1FFC1DDC8E3 /* AudioFreezeFrame - App */ = {
			isa = PBXNativeTarget;
			buildConfigurationList = B0F3D97EF933B9BC73CF18B6;
			buildPhases = (
				65A0FC68D1E44973EDB806B1,
				A42E2C391E016CF0FD36428D,
				1867EFE8E8A9F528AE985FDF,
			);
			buildRules = (
			);
			dependencies = (
			);
			name = "AudioFreezeFrame - App";
			productName = AudioFreezeFrame;
			productReference = 4D513CF1A9208E4713826A3B;
			productType = "com.apple.product-type.application";
		};
/* End PBXNativeTarget section */

/* Begin PBXProject section */
		D6A151EB4B32C13AA5063EAF = {
			isa = PBXProject;
			attributes = {
				BuildIndependentTargetsInParallel = YES;
				LastUpgradeCheck = 1340;
				ORGANIZATIONNAME = "";
				TargetAttributes = {
					F1DDB8377965E1FFC1DDC8E3 = {
						SystemCapabilities = {
							com.apple.ApplicationGroups.iOS = {
								enabled = 0;
							};
							com.apple.HardenedRuntime = {
								enabled = 0;
							};
							com.apple.InAppPurchase = {
								enabled = 0;
							};
							com.apple.InterAppAudio = {
								enabled = 0;
							};
							com.apple.Push = {
								enabled = 0;
							};
							com.apple.Sandbox = {
								enabled = 0;
							};
						};
					};
				};
			};
			buildConfigurationList = 0A0A1C78AC510AB829BEDA49;
			compatibilityVersion = "Xcode 3.2";
			hasScannedForEncodings = 0;
			knownRegions = (
				en,
				Base,
			);
			mainGroup = 9A5FFB9DE5883460E5B2ED07;
			projectDirPath = "";
			projectRoot = "";
			targets = (
				F1DDB8377965E1FFC1DDC8E3,
			);
		};
/* End PBXProject section */

/* Begin PBXResourcesBuildPhase section */
		65A0FC68D1E44973EDB806B1 = {
			isa = PBXResourcesBuildPhase;
			buildActionMask = 2147483647;
			files = (
				5EA865C7C57FF0565E3CA4D9,
			);
			runOnlyForDeploymentPostprocessing = 0;
		};
/* End PBXResourcesBuildPhase section */

/* Begin PBXSourcesBuildPhase section */
		A42E2C391E016CF0FD36428D = {
			isa = PBXSourcesBuildPhase;
			buildActionMask = 2147483647;
			files = (
				2DCAB7D01A41C1DC6AFECFB9,
				EAA68F673C7B359BD19A833A,
				B5622E61F4BB42AED5612333,
				134238E228DA01C37F478A9E,
				E8685D58580540D0D3CA55F8,
				0329F1C8CF18BBAE9928A40B,
				E2291E5AB3F312D8D6455BC8,
				EFA60F8C7174D7C8298A3DA9,
				2D8F8695FE8988266764F672,
				1757D489C322EC61AE66604A,
				7E544A42096006F87E6823FC,
				69C98F403BBC9EB83F4A896B,
				B2EA5B1472F3DDC88491DF69,
				A6545A520AD6F80E0AA55F8F,
				00F73F8584283416A0F232C1,
				70557FD86C2682F98C390A8C,
				06322E8879B8B0960350942E,
				F04DFF5BBD3945FD1B5AF852,
			);
			runOnlyForDeploymentPostprocessing = 0;
		};
/* End PBXSourcesBuildPhase section */

/* Begin XCBuildConfiguration section */
		5BF27BC48CDE7A796C72E481 /* Release */ = {
			isa = XCBuildConfiguration;
			buildSettings = {
				ALWAYS_SEARCH_USER_PATHS = NO;
				CLANG_ENABLE_OBJC_WEAK = YES;
				CLANG_WARN_BLOCK_CAPTURE_AUTORELEASING = YES;
				CLANG_WARN_BOOL_CONVERSION = YES;
				CLANG_WARN_COMMA = YES;
				CLANG_WARN_CONSTANT_CONVERSION = YES;
				CLANG_WARN_DEPRECATED_OBJC_IMPLEMENTATIONS = YES;
				CLANG_WARN_EMPTY_BODY = YES;
				CLANG_WARN_ENUM_CONVERSION = YES;
				CLANG_WARN_INFINITE_RECURSION = YES;
				CLANG_WARN_INT_CONVERSION = YES;
				CLANG_WARN_NON_LITERAL_NULL_CONVERSION = YES;
				CLANG_WARN_OBJC_IMPLICIT_RETAIN_SELF = YES;
				CLANG_WARN_OBJC_LITERAL_CONVERSION = YES;
				CLANG_WARN_RANGE_LOOP_ANALYSIS = YES;
				CLANG_WARN_STRICT_PROTOTYPES = YES;
				CLANG_WARN_SUSPICIOUS_MOVE = YES;
				CLANG_WARN_UNREACHABLE_CODE = YES;
				CLANG_WARN__DUPLICATE_METHOD_MATCH = YES;
				DEBUG_INFORMATION_FORMAT = dwarf;
				ENABLE_STRICT_OBJC_MSGSEND = YES;
				ENABLE_TESTABILITY = NO;
				GCC_C_LANGUAGE_STANDARD = c11;
				GCC_INLINES_ARE_PRIVATE_EXTERN = YES;
				GCC_MODEL_TUNING = G5;
				GCC_NO_COMMON_BLOCKS = YES;
				GCC_SYMBOLS_PRIVATE_EXTERN = YES;
				GCC_WARN_64_TO_32_BIT_CONVERSION = YES;
				GCC_WARN_ABOUT_RETURN_TYPE = YES;
				GCC_WARN_CHECK_SWITCH_STATEMENTS = YES;
				GCC_WARN_MISSING_PARENTHESES = YES;
				GCC_WARN_NON_VIRTUAL_DESTRUCTOR = YES;
				GCC_WARN_TYPECHECK_CALLS_TO_PRINTF = YES;
				GCC_WARN_UNDECLARED_SELECTOR = YES;
				GCC_WARN_UNINITIALIZED_AUTOS = YES;
				GCC_WARN_UNUSED_FUNCTION = YES;
				GCC_WARN_UNUSED_VARIABLE = YES;
				OTHER_CODE_SIGN_FLAGS = --timestamp;
				PRODUCT_NAME = "AudioFreezeFrame";
				SDKROOT = macosx;
				WARNING_CFLAGS = "-Wreorder";
				ZERO_LINK = NO;
			};
			name = Release;
		};
		7FE61C413DEE9B3419DACE97 /* Debug */ = {
			isa = XCBuildConfiguration;
			buildSettings = {
				CLANG_CXX_LANGUAGE_STANDARD = "c++17";
				CLANG_CXX_LIBRARY = "libc++";
				CLANG_LINK_OBJC_RUNTIME = NO;
				COMBINE_HIDPI_IMAGES = YES;
				CONFIGURATION_BUILD_DIR = "$(PROJECT_DIR)/build/$(CONFIGURATION)";
				COPY_PHASE_STRIP = NO;
				EXCLUDED_ARCHS = "";
				GCC_DYNAMIC_NO_PIC = NO;
				GCC_OPTIMIZATION_LEVEL = 0;
				GCC_PREPROCESSOR_DEFINITIONS = (
					"_DEBUG=1",
					"DEBUG=1",
					"JUCE_PROJUCER_VERSION=0x80004",
					"JUCE_MODULE_AVAILABLE_juce_audio_basics=1",
					"JUCE_MODULE_AVAILABLE_juce_audio_devices=1",
					"JUCE_MODULE_AVAILABLE_juce_audio_formats=1",
					"JUCE_MODULE_AVAILABLE_juce_audio_processors=1",
					"JUCE_MODULE_AVAILABLE_juce_audio_utils=1",
					"JUCE_MODULE_AVAILABLE_juce_core=1",
					"JUCE_MODULE_AVAILABLE_juce_data_structures=1",
					"JUCE_MODULE_AVAILABLE_juce_events=1",
					"JUCE_MODULE_AVAILABLE_juce_graphics=1",
					"JUCE_MODULE_AVAILABLE_juce_gui_basics=1",
					"JUCE_MODULE_AVAILABLE_juce_gui_extra=1",
					"JUCE_GLOBAL_MODULE_SETTINGS_INCLUDED=1",
					"JUCE_STRICT_REFCOUNTEDPOINTER=1",
					"JUCE_STANDALONE_APPLICATION=1",
					"JUCE_MODAL_LOOPS_PERMITTED=1",
					"JUCER_XCODE_MAC_F6D2F4CF=1",
					"JUCE_APP_VERSION=1.0.0",
					"JUCE_APP_VERSION_HEX=0x10000",
					"JucePlugin_Build_VST=0",
					"JucePlugin_Build_VST3=0",
					"JucePlugin_Build_AU=0",
					"JucePlugin_Build_AUv3=0",
					"JucePlugin_Build_AAX=0",
					"JucePlugin_Build_Standalone=0",
					"JucePlugin_Build_Unity=0",
					"JucePlugin_Build_LV2=0",
				);
				GCC_VERSION = com.apple.compilers.llvm.clang.1_0;
				HEADER_SEARCH_PATHS = (
					"$(SRCROOT)/../../JuceLibraryCode",
					"/Applications/JUCE/modules",
					"$(inherited)",
				);
				INFOPLIST_FILE = Info-App.plist;
				INFOPLIST_PREPROCESS = NO;
				INSTALL_PATH = "$(HOME)/Applications";
				MACOSX_DEPLOYMENT_TARGET = 10.13;
				MTL_HEADER_SEARCH_PATHS = "$(SRCROOT)/../../JuceLibraryCode /Applications/JUCE/modules";
				PRODUCT_BUNDLE_IDENTIFIER = com.yourcompany.AudioFreezeFrame;
				PRODUCT_NAME = "AudioFreezeFrame";
				USE_HEADERMAP = NO;
				VALID_ARCHS = "i386 x86_64 arm64 arm64e";
			};
			name = Debug;
		};
		9BBA69F87C34247E4063E4E5 /* Debug */ = {
			isa = XCBuildConfiguration;
			buildSettings = {
				ALWAYS_SEARCH_USER_PATHS = NO;
				CLANG_ENABLE_OBJC_WEAK = YES;
				CLANG_WARN_BLOCK_CAPTURE_AUTORELEASING = YES;
				CLANG_WARN_BOOL_CONVERSION = YES;
				CLANG_WARN_COMMA = YES;
				CLANG_WARN_CONSTANT_CONVERSION = YES;
				CLANG_WARN_DEPRECATED_OBJC_IMPLEMENTATIONS = YES;
				CLANG_WARN_EMPTY_BODY = YES;
				CLANG_WARN_ENUM_CONVERSION = YES;
				CLANG_WARN_INFINITE_RECURSION = YES;
				CLANG_WARN_INT_CONVERSION = YES;
				CLANG_WARN_NON_LITERAL_NULL_CONVERSION = YES;
				CLANG_WARN_OBJC_IMPLICIT_RETAIN_SELF = YES;
				CLANG_WARN_OBJC_LITERAL_CONVERSION = YES;
				CLANG_WARN_RANGE_LOOP_ANALYSIS = YES;
				CLANG_WARN_STRICT_PROTOTYPES = YES;
				CLANG_WARN_SUSPICIOUS_MOVE = YES;
				CLANG_WARN_UNREACHABLE_CODE = YES;
				CLANG_WARN__DUPLICATE_METHOD_MATCH = YES;
				DEBUG_INFORMATION_FORMAT = dwarf;
				ENABLE_STRICT_OBJC_MSGSEND = YES;
				ENABLE_TESTABILITY = NO;
				GCC_C_LANGUAGE_STANDARD = c11;
				GCC_INLINES_ARE_PRIVATE_EXTERN = YES;
				GCC_MODEL_TUNING = G5;
				GCC_NO_COMMON_BLOCKS = YES;
				GCC_SYMBOLS_PRIVATE_EXTERN = YES;
				GCC_WARN_64_TO_32_BIT_CONVERSION = YES;
				GCC_WARN_ABOUT_RETURN_TYPE = YES;
				GCC_WARN_CHECK_SWITCH_STATEMENTS = YES;
				GCC_WARN_MISSING_PARENTHESES = YES;
				GCC_WARN_NON_VIRTUAL_DESTRUCTOR = YES;
				GCC_WARN_TYPECHECK_CALLS_TO_PRINTF = YES;
				GCC_WARN_UNDECLARED_SELECTOR = YES;
				GCC_WARN_UNINITIALIZED_AUTOS = YES;
				GCC_WARN_UNUSED_FUNCTION = YES;
				GCC_WARN_UNUSED_VARIABLE = YES;
				ONLY_ACTIVE_ARCH = YES;
				OTHER_CODE_SIGN_FLAGS = --timestamp;
				PRODUCT_NAME = "AudioFreezeFrame";
				SDKROOT = macosx;
				WARNING_CFLAGS = "-Wreorder";
				ZERO_LINK = NO;
			};
			name = Debug;
		};
		9ECB198FCCDA6B0FCE85DDD3 /* Release */ = {
			isa = XCBuildConfiguration;
			buildSettings = {
				CLANG_CXX_LANGUAGE_STANDARD = "c++17";
				CLANG_CXX_LIBRARY = "libc++";
				CLANG_LINK_OBJC_RUNTIME = NO;
				COMBINE_HIDPI_IMAGES = YES;
				CONFIGURATION_BUILD_DIR = "$(PROJECT_DIR)/build/$(CONFIGURATION)";
				DEAD_CODE_STRIPPING = YES;
				EXCLUDED_ARCHS = "";
				GCC_GENERATE_DEBUGGING_SYMBOLS = NO;
				GCC_OPTIMIZATION_LEVEL = 3;
				GCC_PREPROCESSOR_DEFINITIONS = (
					"_NDEBUG=1",
					"NDEBUG=1",
					"JUCE_PROJUCER_VERSION=0x80004",
					"JUCE_MODULE_AVAILABLE_juce_audio_basics=1",
					"JUCE_MODULE_AVAILABLE_juce_audio_devices=1",
					"JUCE_MODULE_AVAILABLE_juce_audio_formats=1",
					"JUCE_MODULE_AVAILABLE_juce_audio_processors=1",
					"JUCE_MODULE_AVAILABLE_juce_audio_utils=1",
					"JUCE_MODULE_AVAILABLE_juce_core=1",
					"JUCE_MODULE_AVAILABLE_juce_data_structures=1",
					"JUCE_MODULE_AVAILABLE_juce_events=1",
					"JUCE_MODULE_AVAILABLE_juce_graphics=1",
					"JUCE_MODULE_AVAILABLE_juce_gui_basics=1",
					"JUCE_MODULE_AVAILABLE_juce_gui_extra=1",
					"JUCE_GLOBAL_MODULE_SETTINGS_INCLUDED=1",
					"JUCE_STRICT_REFCOUNTEDPOINTER=1",
					"JUCE_STANDALONE_APPLICATION=1",
					"JUCE_MODAL_LOOPS_PERMITTED=1",
					"JUCER_XCODE_MAC_F6D2F4CF=1",
					"JUCE_APP_VERSION=1.0.0",
					"JUCE_APP_VERSION_HEX=0x10000",
					"JucePlugin_Build_VST=0",
					"JucePlugin_Build_VST3=0",
					"JucePlugin_Build_AU=0",
					"JucePlugin_Build_AUv3=0",
					"JucePlugin_Build_AAX=0",
					"JucePlugin_Build_Standalone=0",
					"JucePlugin_Build_Unity=0",
					"JucePlugin_Build_LV2=0",
				);
				GCC_VERSION = com.apple.compilers.llvm.clang.1_0;
				HEADER_SEARCH_PATHS = (
					"$(SRCROOT)/../../JuceLibraryCode",
					"/Applications/JUCE/modules",
					"$(inherited)",
				);
				INFOPLIST_FILE = Info-App.plist;
				INFOPLIST_PREPROCESS = NO;
				INSTALL_PATH = "$(HOME)/Applications";
				LLVM_LTO = YES;
				MACOSX_DEPLOYMENT_TARGET = 10.13;
				MTL_HEADER_SEARCH_PATHS = "$(SRCROOT)/../../JuceLibraryCode /Applications/JUCE/modules";
				PRODUCT_BUNDLE_IDENTIFIER = com.yourcompany.AudioFreezeFrame;
				PRODUCT_NAME = "AudioFreezeFrame";
				USE_HEADERMAP = NO;
				VALID_ARCHS = "i386 x86_64 arm64 arm64e";
			};
			name = Release;
		};
/* End XCBuildConfiguration section */

/* Begin XCConfigurationList section */
		0A0A1C78AC510AB829BEDA49 = {
			isa = XCConfigurationList;
			buildConfigurations = (
				5BF27BC48CDE7A796C72E481,
				9BBA69F87C34247E4063E4E5,
			);
			defaultConfigurationIsVisible = 0;
			defaultConfigurationName = Debug;
		};
		B0F3D97EF933B9BC73CF18B6 = {
			isa = XCConfigurationList;
			buildConfigurations = (
				7FE61C413DEE9B3419DACE97,
				9ECB198FCCDA6B0FCE85DDD3,
			);
			defaultConfigurationIsVisible = 0;
			defaultConfigurationName = Debug;
		};
/* End XCConfigurationList section */
	};
	rootObject = D6A151EB4B32C13AA5063EAF /* Project object */;
}
